<?xml version="1.0" encoding="utf-8"?>
<Project ToolsVersion="4.0" xmlns="http://schemas.microsoft.com/developer/msbuild/2003">
  <ItemGroup>
    <ClCompile Include="Coin.cpp" />
    <ClCompile Include="Collider.cpp" />
    <ClCompile Include="Actor.cpp" />
    <ClCompile Include="Dungeon.cpp" />
    <ClCompile Include="Enemy.cpp" />
    <ClCompile Include="EnemyOwnedStates.cpp" />
    <ClCompile Include="Game.cpp" />
    <ClCompile Include="GUI.cpp" />
    <ClCompile Include="LevelExit.cpp" />
    <ClCompile Include="lodepng.cpp" />
    <ClCompile Include="main.cpp" />
    <ClCompile Include="Menu.cpp" />
    <ClCompile Include="Model.cpp" />
    <ClCompile Include="MusicPlayer.cpp" />
    <ClCompile Include="Player.cpp" />
    <ClCompile Include="Projectile.cpp" />
    <ClCompile Include="Projection.cpp" />
    <ClCompile Include="Quarternion.cpp" />
    <ClCompile Include="Shay.cpp" />
    <ClCompile Include="Shay\AABB.CPP" />
    <ClCompile Include="Shay\AABBLinkedList.cpp" />
    <ClCompile Include="Shay\AABBNode.cpp" />
    <ClCompile Include="Shay\camera.cpp" />
    <ClCompile Include="Shay\cameraMap.cpp" />
    <ClCompile Include="Shay\collision.cpp" />
    <ClCompile Include="Shay\EasySound.cpp" />
    <ClCompile Include="Shay\Model_Shay.cpp" />
    <ClCompile Include="Shay\PlainLinkedList.cpp" />
    <ClCompile Include="Shay\PlainNode.cpp" />
    <ClCompile Include="Shay\Sound.cpp" />
    <ClCompile Include="Shay\SoundTime.cpp" />
    <ClCompile Include="Shay\texturedPolygons.cpp" />
    <ClCompile Include="SoundPlayer.cpp" />
    <ClCompile Include="Texture.cpp" />
    <ClCompile Include="Vector3.cpp" />
    <ClCompile Include="Wall.cpp" />
    <ClCompile Include="HandGun.cpp" />
  </ItemGroup>
  <ItemGroup>
    <ClInclude Include="Coin.h" />
    <ClInclude Include="Collider.h" />
    <ClInclude Include="Actor.h" />
    <ClInclude Include="Dungeon.h" />
    <ClInclude Include="Enemy.h" />
    <ClInclude Include="EnemyOwnedStates.h" />
    <ClInclude Include="Game.h" />
    <ClInclude Include="GUI.h" />
    <ClInclude Include="LevelExit.h" />
    <ClInclude Include="lodepng.h" />
    <ClInclude Include="Menu.h" />
    <ClInclude Include="Model.h" />
    <ClInclude Include="MusicPlayer.h" />
    <ClInclude Include="Player.h" />
    <ClInclude Include="Projectile.h" />
    <ClInclude Include="Projection.h" />
    <ClInclude Include="Quarternion.h" />
    <ClInclude Include="Shay.h" />
    <ClInclude Include="Shay\AABB.h" />
    <ClInclude Include="Shay\AABBLinkedList.h" />
    <ClInclude Include="Shay\AABBNode.h" />
    <ClInclude Include="Shay\camera.h" />
    <ClInclude Include="Shay\cameraMap.h" />
    <ClInclude Include="Shay\collision.h" />
    <ClInclude Include="Shay\Model_Shay.h" />
    <ClInclude Include="Shay\PlainLinkedList.h" />
    <ClInclude Include="Shay\PlainNode.h" />
    <ClInclude Include="Shay\Sound.h" />
    <ClInclude Include="Shay\SoundTime.h" />
    <ClInclude Include="Shay\texturedPolygons.h" />
    <ClInclude Include="SoundPlayer.h" />
    <ClInclude Include="State.h" />
    <ClInclude Include="Texture.h" />
    <ClInclude Include="Vector3.h" />
    <ClInclude Include="Wall.h" />
    <ClInclude Include="HandGun.h" />
  </ItemGroup>
  <ItemGroup>
    <None Include="packages.config" />
  </ItemGroup>
</Project>